
Microsoft Visual Studio Solution File, Format Version 12.00
# Visual Studio Version 17
VisualStudioVersion = 17.7.34031.279
MinimumVisualStudioVersion = 10.0.40219.1
Project("{FAE04EC0-301F-11D3-BF4B-00C04F79EFBC}") = "MyFirstAzureWebApp", "MyFirstAzureWebApp\MyFirstAzureWebApp.csproj", "{1D2AB59F-4528-457B-BD15-05DDD5D2E9AA}"
EndProject
Global
	GlobalSection(SolutionConfigurationPlatforms) = preSolution
		Debug|Any CPU = Debug|Any CPU
		Release|Any CPU = Release|Any CPU
	EndGlobalSection
	GlobalSection(ProjectConfigurationPlatforms) = postSolution
		{1D2AB59F-4528-457B-BD15-05DDD5D2E9AA}.Debug|Any CPU.ActiveCfg = Debug|Any CPU
		{1D2AB59F-4528-457B-BD15-05DDD5D2E9AA}.Debug|Any CPU.Build.0 = Debug|Any CPU
		{1D2AB59F-4528-457B-BD15-05DDD5D2E9AA}.Release|Any CPU.ActiveCfg = Release|Any CPU
		{1D2AB59F-4528-457B-BD15-05DDD5D2E9AA}.Release|Any CPU.Build.0 = Release|Any CPU
	EndGlobalSection
	GlobalSection(SolutionProperties) = preSolution
		HideSolutionNode = FALSE
	EndGlobalSection
	GlobalSection(ExtensibilityGlobals) = postSolution
		SolutionGuid = {042F2B24-A9EE-44B2-A3E8-2791F5FCF45F}
	EndGlobalSection
EndGlobal
